
Microsoft Visual Studio Solution File, Format Version 12.00
# Visual Studio Version 17
VisualStudioVersion = 17.10.35122.118
MinimumVisualStudioVersion = 10.0.40219.1
Project("{FAE04EC0-301F-11D3-BF4B-00C04F79EFBC}") = "Banking.Auth.Service", "Banking.Auth.Service\Banking.Auth.Service.csproj", "{73055217-E3FB-49A4-A53B-A510065EE23D}"
EndProject
Project("{FAE04EC0-301F-11D3-BF4B-00C04F79EFBC}") = "Banking.Admin.Service", "Banking.Admin.Service\Banking.Admin.Service.csproj", "{3C392B5A-0523-4CE6-946D-9787B3C68462}"
EndProject
Global
	GlobalSection(SolutionConfigurationPlatforms) = preSolution
		Debug|Any CPU = Debug|Any CPU
		Release|Any CPU = Release|Any CPU
	EndGlobalSection
	GlobalSection(ProjectConfigurationPlatforms) = postSolution
		{73055217-E3FB-49A4-A53B-A510065EE23D}.Debug|Any CPU.ActiveCfg = Debug|Any CPU
		{73055217-E3FB-49A4-A53B-A510065EE23D}.Debug|Any CPU.Build.0 = Debug|Any CPU
		{73055217-E3FB-49A4-A53B-A510065EE23D}.Release|Any CPU.ActiveCfg = Release|Any CPU
		{73055217-E3FB-49A4-A53B-A510065EE23D}.Release|Any CPU.Build.0 = Release|Any CPU
		{3C392B5A-0523-4CE6-946D-9787B3C68462}.Debug|Any CPU.ActiveCfg = Debug|Any CPU
		{3C392B5A-0523-4CE6-946D-9787B3C68462}.Debug|Any CPU.Build.0 = Debug|Any CPU
		{3C392B5A-0523-4CE6-946D-9787B3C68462}.Release|Any CPU.ActiveCfg = Release|Any CPU
		{3C392B5A-0523-4CE6-946D-9787B3C68462}.Release|Any CPU.Build.0 = Release|Any CPU
	EndGlobalSection
	GlobalSection(SolutionProperties) = preSolution
		HideSolutionNode = FALSE
	EndGlobalSection
	GlobalSection(ExtensibilityGlobals) = postSolution
		SolutionGuid = {7B6FC28C-2308-439F-94C6-AF36714EE4F5}
	EndGlobalSection
EndGlobal
